
Microsoft Visual Studio Solution File, Format Version 12.00
# Visual Studio Version 17
VisualStudioVersion = 17.11.35219.272
MinimumVisualStudioVersion = 10.0.40219.1
Project("{FAE04EC0-301F-11D3-BF4B-00C04F79EFBC}") = "UmbracoSite", "UmbracoSite\UmbracoSite.csproj", "{DA4985A0-089A-437C-9C63-035D0BA935CC}"
EndProject
Global
	GlobalSection(SolutionConfigurationPlatforms) = preSolution
		Debug|Any CPU = Debug|Any CPU
		Release|Any CPU = Release|Any CPU
	EndGlobalSection
	GlobalSection(ProjectConfigurationPlatforms) = postSolution
		{DA4985A0-089A-437C-9C63-035D0BA935CC}.Debug|Any CPU.ActiveCfg = Debug|Any CPU
		{DA4985A0-089A-437C-9C63-035D0BA935CC}.Debug|Any CPU.Build.0 = Debug|Any CPU
		{DA4985A0-089A-437C-9C63-035D0BA935CC}.Release|Any CPU.ActiveCfg = Release|Any CPU
		{DA4985A0-089A-437C-9C63-035D0BA935CC}.Release|Any CPU.Build.0 = Release|Any CPU
	EndGlobalSection
	GlobalSection(SolutionProperties) = preSolution
		HideSolutionNode = FALSE
	EndGlobalSection
	GlobalSection(ExtensibilityGlobals) = postSolution
		SolutionGuid = {694DC1F7-49B2-4077-AC96-F86C39704A63}
	EndGlobalSection
EndGlobal
